
Microsoft Visual Studio Solution File, Format Version 12.00
# Visual Studio Version 16
VisualStudioVersion = 16.0.29920.165
MinimumVisualStudioVersion = 10.0.40219.1
Project("{9A19103F-16F7-4668-BE54-9A1E7A4F7556}") = "FoodOrderAppAPI", "FoodOrderAppAPI.csproj", "{EB86B0B4-8860-407E-8F35-8CBF72F89895}"
EndProject
Project("{9A19103F-16F7-4668-BE54-9A1E7A4F7556}") = "FoodOrderApp.Models", "..\FoodOrderApp.Models\FoodOrderApp.Models.csproj", "{229ABE27-2BA0-4173-9CC9-C4744FCB6701}"
EndProject
Project("{9A19103F-16F7-4668-BE54-9A1E7A4F7556}") = "FoodOrderApp.Data", "..\FoodOrderApp.Data\FoodOrderApp.Data.csproj", "{D9AE03B6-AF9F-45AB-AABC-FA41CB1A42EB}"
EndProject
Project("{FAE04EC0-301F-11D3-BF4B-00C04F79EFBC}") = "FoodOrderApp.Interfaces", "..\FoodOrderApp.Interfaces\FoodOrderApp.Interfaces.csproj", "{A8BF9BCC-95C1-43B3-9164-1A66B94622E2}"
EndProject
Project("{FAE04EC0-301F-11D3-BF4B-00C04F79EFBC}") = "FoodOrderApp.Tests", "..\FoodOrderApp.Tests\FoodOrderApp.Tests.csproj", "{2DB68102-8058-4787-A005-6A6E92EDA643}"
EndProject
Global
	GlobalSection(SolutionConfigurationPlatforms) = preSolution
		Debug|Any CPU = Debug|Any CPU
		Release|Any CPU = Release|Any CPU
	EndGlobalSection
	GlobalSection(ProjectConfigurationPlatforms) = postSolution
		{EB86B0B4-8860-407E-8F35-8CBF72F89895}.Debug|Any CPU.ActiveCfg = Debug|Any CPU
		{EB86B0B4-8860-407E-8F35-8CBF72F89895}.Debug|Any CPU.Build.0 = Debug|Any CPU
		{EB86B0B4-8860-407E-8F35-8CBF72F89895}.Release|Any CPU.ActiveCfg = Release|Any CPU
		{EB86B0B4-8860-407E-8F35-8CBF72F89895}.Release|Any CPU.Build.0 = Release|Any CPU
		{229ABE27-2BA0-4173-9CC9-C4744FCB6701}.Debug|Any CPU.ActiveCfg = Debug|Any CPU
		{229ABE27-2BA0-4173-9CC9-C4744FCB6701}.Debug|Any CPU.Build.0 = Debug|Any CPU
		{229ABE27-2BA0-4173-9CC9-C4744FCB6701}.Release|Any CPU.ActiveCfg = Release|Any CPU
		{229ABE27-2BA0-4173-9CC9-C4744FCB6701}.Release|Any CPU.Build.0 = Release|Any CPU
		{D9AE03B6-AF9F-45AB-AABC-FA41CB1A42EB}.Debug|Any CPU.ActiveCfg = Debug|Any CPU
		{D9AE03B6-AF9F-45AB-AABC-FA41CB1A42EB}.Debug|Any CPU.Build.0 = Debug|Any CPU
		{D9AE03B6-AF9F-45AB-AABC-FA41CB1A42EB}.Release|Any CPU.ActiveCfg = Release|Any CPU
		{D9AE03B6-AF9F-45AB-AABC-FA41CB1A42EB}.Release|Any CPU.Build.0 = Release|Any CPU
		{A8BF9BCC-95C1-43B3-9164-1A66B94622E2}.Debug|Any CPU.ActiveCfg = Debug|Any CPU
		{A8BF9BCC-95C1-43B3-9164-1A66B94622E2}.Debug|Any CPU.Build.0 = Debug|Any CPU
		{A8BF9BCC-95C1-43B3-9164-1A66B94622E2}.Release|Any CPU.ActiveCfg = Release|Any CPU
		{A8BF9BCC-95C1-43B3-9164-1A66B94622E2}.Release|Any CPU.Build.0 = Release|Any CPU
		{2DB68102-8058-4787-A005-6A6E92EDA643}.Debug|Any CPU.ActiveCfg = Debug|Any CPU
		{2DB68102-8058-4787-A005-6A6E92EDA643}.Debug|Any CPU.Build.0 = Debug|Any CPU
		{2DB68102-8058-4787-A005-6A6E92EDA643}.Release|Any CPU.ActiveCfg = Release|Any CPU
		{2DB68102-8058-4787-A005-6A6E92EDA643}.Release|Any CPU.Build.0 = Release|Any CPU
	EndGlobalSection
	GlobalSection(SolutionProperties) = preSolution
		HideSolutionNode = FALSE
	EndGlobalSection
	GlobalSection(ExtensibilityGlobals) = postSolution
		SolutionGuid = {41FCA435-4C0E-41E3-8BFE-DC0A5465B86F}
	EndGlobalSection
EndGlobal
